{
  "projects": [
    {
      "projectId": "58GpZjZCWTaJ8AUhpCwt2K",
      "version": "3.34.0",
      "dependencies": {},
      "lang": "ts",
      "fileLocks": [
        {
          "assetId": "58GpZjZCWTaJ8AUhpCwt2K",
          "type": "projectCss",
          "checksum": "10b608311824a80e7c6511951671d9ed"
        },
        {
          "assetId": "58GpZjZCWTaJ8AUhpCwt2K",
          "checksum": "dd1bd3cd83a88e2a0cc47887c2f90093",
          "type": "projectModule"
        },
        {
          "assetId": "58GpZjZCWTaJ8AUhpCwt2K",
          "checksum": "f3e149b979cba0655755409bcb3982a8",
          "type": "styleTokensProvider"
        }
      ],
      "codegenVersion": "0.0.3"
    },
    {
      "projectId": "hjKYmYi6HMwK6TRyk7ew5R",
      "version": "6.48.0",
      "dependencies": {},
      "lang": "ts",
      "fileLocks": [
        {
          "assetId": "hjKYmYi6HMwK6TRyk7ew5R",
          "type": "projectCss",
          "checksum": "65fb7bcec63ae4e51fc5c1ebb7626412"
        },
        {
          "assetId": "hjKYmYi6HMwK6TRyk7ew5R",
          "checksum": "fc22da7d2d5ac9282315db9ed887f438",
          "type": "globalContexts"
        },
        {
          "assetId": "hjKYmYi6HMwK6TRyk7ew5R",
          "checksum": "20c7b88464f2ba9d61a14974124f4e40",
          "type": "projectModule"
        },
        {
          "assetId": "hjKYmYi6HMwK6TRyk7ew5R",
          "checksum": "40bcfb4106208d4e0fa092c8fc8584cc",
          "type": "styleTokensProvider"
        }
      ],
      "codegenVersion": "0.0.3"
    },
    {
      "projectId": "r3ASNrnyvLLLAtDvzUioQ",
      "version": "4.14.0",
      "dependencies": {},
      "lang": "ts",
      "fileLocks": [
        {
          "assetId": "r3ASNrnyvLLLAtDvzUioQ",
          "type": "projectCss",
          "checksum": "a92f8a81c335659a69443e50fd02af8c"
        },
        {
          "assetId": "r3ASNrnyvLLLAtDvzUioQ",
          "checksum": "846ced67e884d585685846cb36f03a5c",
          "type": "projectModule"
        },
        {
          "assetId": "r3ASNrnyvLLLAtDvzUioQ",
          "checksum": "6e6cccbb833b597eb714b131539c7bf5",
          "type": "styleTokensProvider"
        }
      ],
      "codegenVersion": "0.0.3"
    },
    {
      "projectId": "39u3HjpCsMgMzencpSSb5j",
      "version": "latest",
      "dependencies": {
        "r3ASNrnyvLLLAtDvzUioQ": "4.14.0",
        "hjKYmYi6HMwK6TRyk7ew5R": "6.48.0",
        "58GpZjZCWTaJ8AUhpCwt2K": "3.34.0"
      },
      "lang": "ts",
      "fileLocks": [
        {
          "type": "globalVariant",
          "assetId": "GCZ3mW_FU0Mn",
          "checksum": "70b1af479d3c955df5f96d14d76b20fe"
        },
        {
          "assetId": "39u3HjpCsMgMzencpSSb5j",
          "type": "projectCss",
          "checksum": "2de9055f046d1fcc90f2b4e5723de7ab"
        },
        {
          "assetId": "39u3HjpCsMgMzencpSSb5j",
          "checksum": "ab55b3498228774635ef2b73c0274c61",
          "type": "globalContexts"
        },
        {
          "assetId": "39u3HjpCsMgMzencpSSb5j",
          "checksum": "8439ff82bfb3fe9a7f7375e5c58d78ff",
          "type": "projectModule"
        },
        {
          "assetId": "39u3HjpCsMgMzencpSSb5j",
          "checksum": "292aee5325ae57b345de0baf2fe76f7b",
          "type": "styleTokensProvider"
        },
        {
          "type": "renderModule",
          "assetId": "rDubpGTkNnmr",
          "checksum": "17f4f32be8e8e3908e1bde4583a39ed1"
        },
        {
          "type": "cssRules",
          "assetId": "rDubpGTkNnmr",
          "checksum": "17f4f32be8e8e3908e1bde4583a39ed1"
        },
        {
          "type": "renderModule",
          "assetId": "182MzcAth_z9",
          "checksum": "27c7623a60a07de29c119d9d12610bc1"
        },
        {
          "type": "cssRules",
          "assetId": "182MzcAth_z9",
          "checksum": "27c7623a60a07de29c119d9d12610bc1"
        },
        {
          "type": "renderModule",
          "assetId": "9EgUz3grAKqR",
          "checksum": "cd887c5b1fa378bab45ff7b03cbbda05"
        },
        {
          "type": "cssRules",
          "assetId": "9EgUz3grAKqR",
          "checksum": "cd887c5b1fa378bab45ff7b03cbbda05"
        },
        {
          "type": "renderModule",
          "assetId": "V7DJfNr2FM3H",
          "checksum": "1bccc820b1ba75fed9988f82db4a161f"
        },
        {
          "type": "cssRules",
          "assetId": "V7DJfNr2FM3H",
          "checksum": "1bccc820b1ba75fed9988f82db4a161f"
        },
        {
          "type": "renderModule",
          "assetId": "QMLGlL_-Wzsb",
          "checksum": "dca231b570c1030608fd742ac77c0601"
        },
        {
          "type": "cssRules",
          "assetId": "QMLGlL_-Wzsb",
          "checksum": "dca231b570c1030608fd742ac77c0601"
        },
        {
          "type": "renderModule",
          "assetId": "xzCJsgTBPu2C",
          "checksum": "cc810332a19a8a837fd5c5568950ea85"
        },
        {
          "type": "cssRules",
          "assetId": "xzCJsgTBPu2C",
          "checksum": "cc810332a19a8a837fd5c5568950ea85"
        },
        {
          "type": "renderModule",
          "assetId": "6cyrRwQt86Nb",
          "checksum": "b974def27a815461c0b7890ce419099f"
        },
        {
          "type": "cssRules",
          "assetId": "6cyrRwQt86Nb",
          "checksum": "b974def27a815461c0b7890ce419099f"
        },
        {
          "type": "renderModule",
          "assetId": "QkNpS3Lv9eSB",
          "checksum": "df97c3f0bc78ca055aa863dc5c39634f"
        },
        {
          "type": "cssRules",
          "assetId": "QkNpS3Lv9eSB",
          "checksum": "df97c3f0bc78ca055aa863dc5c39634f"
        },
        {
          "type": "renderModule",
          "assetId": "Pu_RB7oS4TE-",
          "checksum": "8395872978ddde6228b5db5139fa0598"
        },
        {
          "type": "cssRules",
          "assetId": "Pu_RB7oS4TE-",
          "checksum": "8395872978ddde6228b5db5139fa0598"
        },
        {
          "type": "renderModule",
          "assetId": "WxlTl9OIAsXo",
          "checksum": "27329ab9e2ececf8f8aa5da0d0106f3a"
        },
        {
          "type": "cssRules",
          "assetId": "WxlTl9OIAsXo",
          "checksum": "27329ab9e2ececf8f8aa5da0d0106f3a"
        },
        {
          "type": "renderModule",
          "assetId": "xBe7dxadP33T",
          "checksum": "c4edc4d02cd3828339a5b14554d9c4f6"
        },
        {
          "type": "cssRules",
          "assetId": "xBe7dxadP33T",
          "checksum": "c4edc4d02cd3828339a5b14554d9c4f6"
        },
        {
          "type": "icon",
          "assetId": "_qPcz6pCbo9L",
          "checksum": "60e442e49a4e6998413452f352103642"
        },
        {
          "type": "icon",
          "assetId": "oKH_h6Qe587L",
          "checksum": "5315977af5a8f7cf2c384d0e56042be3"
        },
        {
          "type": "icon",
          "assetId": "kDKkD8FvFmPM",
          "checksum": "aa719fd8e94dbaa60072264b0a394270"
        },
        {
          "type": "icon",
          "assetId": "uXSO3LYsGdfy",
          "checksum": "271f8741de8bb329dee73b87b25aee6e"
        },
        {
          "type": "icon",
          "assetId": "tSjb9cSQTa_f",
          "checksum": "ffcb065288e34307106f14da08ced840"
        },
        {
          "type": "icon",
          "assetId": "rrzBwVWRI3T2",
          "checksum": "eaec2cfb4ceeb7021f5c4a65bc587dc6"
        },
        {
          "type": "icon",
          "assetId": "BLjhThhS2euY",
          "checksum": "87436a1ae8967a773ab514c650b07110"
        },
        {
          "type": "icon",
          "assetId": "3c5GMn3_rdIU",
          "checksum": "56ff95c0e970076eb2a1113b0ac1c27c"
        },
        {
          "type": "icon",
          "assetId": "OqyxrXF5G_7F",
          "checksum": "b9e891717b8a408d329d35dd2beb6580"
        },
        {
          "type": "icon",
          "assetId": "RV9_hDWujRc_",
          "checksum": "e5b70b3a8c6bc25624088ee22ecb9a0b"
        },
        {
          "type": "icon",
          "assetId": "dsTnHD2jRqTW",
          "checksum": "cce553b8d25abc037db72d1bafec36ff"
        },
        {
          "type": "icon",
          "assetId": "ZFj652DSWup_",
          "checksum": "ad96b7a75da9b793ccefbd1703e7d77d"
        },
        {
          "type": "image",
          "assetId": "qtyLKvSWdAcV",
          "checksum": "89311822a4668227f202bdec8eb63365"
        },
        {
          "type": "image",
          "assetId": "BwD4MXNE5pzk",
          "checksum": "b5af0e0ae1159c714d02b662cb281790"
        },
        {
          "type": "image",
          "assetId": "Ybd8WZ_RsE9w",
          "checksum": "19a97918e217294303166f589b541186"
        },
        {
          "type": "image",
          "assetId": "VK6mYQAhUsuK",
          "checksum": "dfd95a553c9b1b1530f08971a39a3dcc"
        },
        {
          "type": "image",
          "assetId": "TrTd1rHwY6-I",
          "checksum": "2b4f129c5f6ce6bb72de8aa445bf9fa1"
        },
        {
          "type": "image",
          "assetId": "G1XvfrUIu4fx",
          "checksum": "29f6cb576161da192f01464c059329f5"
        },
        {
          "type": "image",
          "assetId": "76-C3_RdwPT8",
          "checksum": "935704f7d5438d79939b6704361a9116"
        },
        {
          "type": "image",
          "assetId": "EHjXxrDweXSL",
          "checksum": "bc44245f3749b72c5d4abcf02fdcf76d"
        },
        {
          "type": "image",
          "assetId": "i1-K5BAZii8d",
          "checksum": "f2063621f58951d4a768230df9ddb158"
        },
        {
          "type": "image",
          "assetId": "CLQVbNHAuFBs",
          "checksum": "8924e1b3f66f54547452793961aeded9"
        },
        {
          "type": "image",
          "assetId": "md27naCvdsgV",
          "checksum": "ffb5bca562b147305d3dbd95ff947b89"
        },
        {
          "type": "image",
          "assetId": "aVjB3aQO0Gz5",
          "checksum": "06337d86a7e265b94ff68e9a72ae188f"
        },
        {
          "type": "image",
          "assetId": "eWbOKd3mP_aP",
          "checksum": "66f69f061f8d6b43ef1aae67b03ecae3"
        }
      ],
      "codegenVersion": "0.0.3"
    }
  ],
  "cliVersion": "0.1.359"
}
